// !$*UTF8*$!
{
	archiveVersion = 1;
	classes = {
	};
	objectVersion = 46;
	objects = {

/* Begin PBXBuildFile section */
		7F0E0C871D9921C800A54353 /* AccountManagement_ViewController.swift in Sources */ = {isa = PBXBuildFile; fileRef = 7F0E0C861D9921C800A54353 /* AccountManagement_ViewController.swift */; };
		7F2475741D917599003B40B4 /* ViewPhotoWithScroll_ViewController.swift in Sources */ = {isa = PBXBuildFile; fileRef = 7F2475731D917599003B40B4 /* ViewPhotoWithScroll_ViewController.swift */; };
		7F3F21DA1D92B02200ACF590 /* MessiageDetail_TableViewController.swift in Sources */ = {isa = PBXBuildFile; fileRef = 7F3F21D91D92B02200ACF590 /* MessiageDetail_TableViewController.swift */; };
		7F3F21EE1D93ACCB00ACF590 /* ChatPeople_TableViewCell.swift in Sources */ = {isa = PBXBuildFile; fileRef = 7F3F21ED1D93ACCB00ACF590 /* ChatPeople_TableViewCell.swift */; };
		7F3F21F41D93B4C100ACF590 /* Cells.xib in Resources */ = {isa = PBXBuildFile; fileRef = 7F3F21F31D93B4C100ACF590 /* Cells.xib */; };
		7F3F21F81D93B5DC00ACF590 /* Advertisement_TableViewCell.swift in Sources */ = {isa = PBXBuildFile; fileRef = 7F3F21F71D93B5DC00ACF590 /* Advertisement_TableViewCell.swift */; };
		7F3F22021D93C02F00ACF590 /* ChatMe_TableViewCell.swift in Sources */ = {isa = PBXBuildFile; fileRef = 7F3F22011D93C02F00ACF590 /* ChatMe_TableViewCell.swift */; };
		7F3F22041D93C03D00ACF590 /* ChatYou_TableViewCell.swift in Sources */ = {isa = PBXBuildFile; fileRef = 7F3F22031D93C03D00ACF590 /* ChatYou_TableViewCell.swift */; };
		7F3F22061D93E41C00ACF590 /* T_ViewController.swift in Sources */ = {isa = PBXBuildFile; fileRef = 7F3F22051D93E41C00ACF590 /* T_ViewController.swift */; };
		7F5322B31D8BC9BC00294C62 /* SearchResults_ViewController.swift in Sources */ = {isa = PBXBuildFile; fileRef = 7F5322B21D8BC9BC00294C62 /* SearchResults_ViewController.swift */; };
		7F5322B81D8BCA1700294C62 /* OnePhotoOneLable_CollectionViewCell.swift in Sources */ = {isa = PBXBuildFile; fileRef = 7F5322B71D8BCA1700294C62 /* OnePhotoOneLable_CollectionViewCell.swift */; };
		7F5322BA1D8BCDD100294C62 /* OnePhotoTwoLabel_TableViewCell.swift in Sources */ = {isa = PBXBuildFile; fileRef = 7F5322B91D8BCDD100294C62 /* OnePhotoTwoLabel_TableViewCell.swift */; };
		7F5322BC1D8BCDEC00294C62 /* ADs_TableViewCell.swift in Sources */ = {isa = PBXBuildFile; fileRef = 7F5322BB1D8BCDEC00294C62 /* ADs_TableViewCell.swift */; };
		7F5322BE1D8BCDFE00294C62 /* More_TableViewCell.swift in Sources */ = {isa = PBXBuildFile; fileRef = 7F5322BD1D8BCDFE00294C62 /* More_TableViewCell.swift */; };
		7F9A5F5A1D89B2C900C2E133 /* AD_TableViewCell.swift in Sources */ = {isa = PBXBuildFile; fileRef = 7F9A5F591D89B2C900C2E133 /* AD_TableViewCell.swift */; };
		7F9A5F5C1D89BFE800C2E133 /* Remarks in Resources */ = {isa = PBXBuildFile; fileRef = 7F9A5F5B1D89BFE800C2E133 /* Remarks */; };
		7F9A5F5E1D89C76500C2E133 /* OnePhoto_H_TableViewCell.swift in Sources */ = {isa = PBXBuildFile; fileRef = 7F9A5F5D1D89C76500C2E133 /* OnePhoto_H_TableViewCell.swift */; };
		7FA6E8F01D89A4FF003F6186 /* FirstViewController.swift in Sources */ = {isa = PBXBuildFile; fileRef = 7FA6E8EF1D89A4FF003F6186 /* FirstViewController.swift */; };
		7FA6E8F21D89A50F003F6186 /* SecondViewController.swift in Sources */ = {isa = PBXBuildFile; fileRef = 7FA6E8F11D89A50F003F6186 /* SecondViewController.swift */; };
		7FA6E8F41D89A526003F6186 /* ThirdViewController.swift in Sources */ = {isa = PBXBuildFile; fileRef = 7FA6E8F31D89A526003F6186 /* ThirdViewController.swift */; };
		7FA6E8F61D89A535003F6186 /* FourthViewController.swift in Sources */ = {isa = PBXBuildFile; fileRef = 7FA6E8F51D89A535003F6186 /* FourthViewController.swift */; };
		7FA6E8F91D89A586003F6186 /* First.storyboard in Resources */ = {isa = PBXBuildFile; fileRef = 7FA6E8F81D89A586003F6186 /* First.storyboard */; };
		7FA6E8FB1D89A5B4003F6186 /* SaoYiSaoViewController.swift in Sources */ = {isa = PBXBuildFile; fileRef = 7FA6E8FA1D89A5B4003F6186 /* SaoYiSaoViewController.swift */; };
		7FA6E8FD1D89A5DF003F6186 /* SendNewMessiageViewController.swift in Sources */ = {isa = PBXBuildFile; fileRef = 7FA6E8FC1D89A5DF003F6186 /* SendNewMessiageViewController.swift */; };
		7FA6E90A1D89A6FE003F6186 /* TwoThreePhoto_TableViewCell.swift in Sources */ = {isa = PBXBuildFile; fileRef = 7FA6E9091D89A6FE003F6186 /* TwoThreePhoto_TableViewCell.swift */; };
		7FA6E90C1D89A71C003F6186 /* FourFiveSix_TableViewCell.swift in Sources */ = {isa = PBXBuildFile; fileRef = 7FA6E90B1D89A71C003F6186 /* FourFiveSix_TableViewCell.swift */; };
		7FA6E90E1D89A74D003F6186 /* SevenEightNinePhoto_TableViewCell.swift in Sources */ = {isa = PBXBuildFile; fileRef = 7FA6E90D1D89A74D003F6186 /* SevenEightNinePhoto_TableViewCell.swift */; };
		7FA6E9101D89A768003F6186 /* Words_TableViewCell.swift in Sources */ = {isa = PBXBuildFile; fileRef = 7FA6E90F1D89A768003F6186 /* Words_TableViewCell.swift */; };
		7FA6E9121D89A7EF003F6186 /* CommentsPraiseDemote_TableViewCell.swift in Sources */ = {isa = PBXBuildFile; fileRef = 7FA6E9111D89A7EF003F6186 /* CommentsPraiseDemote_TableViewCell.swift */; };
		7FA6E9181D89A8E2003F6186 /* Fourth.storyboard in Resources */ = {isa = PBXBuildFile; fileRef = 7FA6E9171D89A8E2003F6186 /* Fourth.storyboard */; };
		7FA6E91C1D89A906003F6186 /* Second.storyboard in Resources */ = {isa = PBXBuildFile; fileRef = 7FA6E91B1D89A906003F6186 /* Second.storyboard */; };
		7FA6E91E1D89A913003F6186 /* Third.storyboard in Resources */ = {isa = PBXBuildFile; fileRef = 7FA6E91D1D89A913003F6186 /* Third.storyboard */; };
		7FA6E9201D89A994003F6186 /* Login_ViewController.swift in Sources */ = {isa = PBXBuildFile; fileRef = 7FA6E91F1D89A994003F6186 /* Login_ViewController.swift */; };
		7FA6E9221D89A9BC003F6186 /* Register_ViewController.swift in Sources */ = {isa = PBXBuildFile; fileRef = 7FA6E9211D89A9BC003F6186 /* Register_ViewController.swift */; };
		7FA6E9241D89ABCF003F6186 /* Functions.swift in Sources */ = {isa = PBXBuildFile; fileRef = 7FA6E9231D89ABCF003F6186 /* Functions.swift */; };
		7FAECEEE1D8A7399004592EA /* Server.plist in Resources */ = {isa = PBXBuildFile; fileRef = 7FAECEED1D8A7399004592EA /* Server.plist */; };
		7FAECEF01D8ABAD9004592EA /* Setting_TableViewController.swift in Sources */ = {isa = PBXBuildFile; fileRef = 7FAECEEF1D8ABAD9004592EA /* Setting_TableViewController.swift */; };
		7FAECEF31D8ABB25004592EA /* Photo_Lable_TableViewCell.swift in Sources */ = {isa = PBXBuildFile; fileRef = 7FAECEF21D8ABB25004592EA /* Photo_Lable_TableViewCell.swift */; };
		7FAECEF51D8ABB3F004592EA /* Lable_Center_TableViewCell.swift in Sources */ = {isa = PBXBuildFile; fileRef = 7FAECEF41D8ABB3F004592EA /* Lable_Center_TableViewCell.swift */; };
		7FD1014D1D89764D009BB6A6 /* AppDelegate.swift in Sources */ = {isa = PBXBuildFile; fileRef = 7FD1014C1D89764D009BB6A6 /* AppDelegate.swift */; };
		7FD101541D89764D009BB6A6 /* Main.storyboard in Resources */ = {isa = PBXBuildFile; fileRef = 7FD101521D89764D009BB6A6 /* Main.storyboard */; };
		7FD101561D89764D009BB6A6 /* Assets.xcassets in Resources */ = {isa = PBXBuildFile; fileRef = 7FD101551D89764D009BB6A6 /* Assets.xcassets */; };
		7FD101591D89764D009BB6A6 /* LaunchScreen.storyboard in Resources */ = {isa = PBXBuildFile; fileRef = 7FD101571D89764D009BB6A6 /* LaunchScreen.storyboard */; };
		7FD101641D89764D009BB6A6 /* LALAS3Tests.swift in Sources */ = {isa = PBXBuildFile; fileRef = 7FD101631D89764D009BB6A6 /* LALAS3Tests.swift */; };
		7FD1016F1D89764D009BB6A6 /* LALAS3UITests.swift in Sources */ = {isa = PBXBuildFile; fileRef = 7FD1016E1D89764D009BB6A6 /* LALAS3UITests.swift */; };
		7FE5BF1D1D8E722800586166 /* L_ViewController.swift in Sources */ = {isa = PBXBuildFile; fileRef = 7FE5BF1C1D8E722800586166 /* L_ViewController.swift */; };
		7FE5BF231D8E74B400586166 /* AccountSecurity_TableViewController.swift in Sources */ = {isa = PBXBuildFile; fileRef = 7FE5BF221D8E74B400586166 /* AccountSecurity_TableViewController.swift */; };
		7FE5BF251D8E74FD00586166 /* Tongzhi_TableViewController.swift in Sources */ = {isa = PBXBuildFile; fileRef = 7FE5BF241D8E74FD00586166 /* Tongzhi_TableViewController.swift */; };
		7FE5BF271D8E751000586166 /* TongYong_TableViewController.swift in Sources */ = {isa = PBXBuildFile; fileRef = 7FE5BF261D8E751000586166 /* TongYong_TableViewController.swift */; };
		7FE5BF291D8E753D00586166 /* HuanCun_ViewController.swift in Sources */ = {isa = PBXBuildFile; fileRef = 7FE5BF281D8E753D00586166 /* HuanCun_ViewController.swift */; };
		7FE5BF2B1D8E755600586166 /* FanKui_ViewController.swift in Sources */ = {isa = PBXBuildFile; fileRef = 7FE5BF2A1D8E755600586166 /* FanKui_ViewController.swift */; };
		7FE5BF2D1D8E756A00586166 /* AboutUs_ViewController.swift in Sources */ = {isa = PBXBuildFile; fileRef = 7FE5BF2C1D8E756A00586166 /* AboutUs_ViewController.swift */; };
		7FE5BF2F1D8E75B000586166 /* OnePhoto_Z_TableViewCell.swift in Sources */ = {isa = PBXBuildFile; fileRef = 7FE5BF2E1D8E75B000586166 /* OnePhoto_Z_TableViewCell.swift */; };
		7FE5BF331D8EBB0E00586166 /* Aboutus_M_TableViewCell.swift in Sources */ = {isa = PBXBuildFile; fileRef = 7FE5BF321D8EBB0E00586166 /* Aboutus_M_TableViewCell.swift */; };
		7FE5BF351D8EBEDA00586166 /* AccountSecurityCell_TwoLabel_TableViewCell.swift in Sources */ = {isa = PBXBuildFile; fileRef = 7FE5BF341D8EBEDA00586166 /* AccountSecurityCell_TwoLabel_TableViewCell.swift */; };
		7FE5BF371D8EBEF200586166 /* AccountSecurityCell_OneLabel_TableViewCell.swift in Sources */ = {isa = PBXBuildFile; fileRef = 7FE5BF361D8EBEF200586166 /* AccountSecurityCell_OneLabel_TableViewCell.swift */; };
		7FE5BF391D8EBF0600586166 /* AccountSecurityCell_LableSwitch_TableViewCell.swift in Sources */ = {isa = PBXBuildFile; fileRef = 7FE5BF381D8EBF0600586166 /* AccountSecurityCell_LableSwitch_TableViewCell.swift */; };
		7FE5BF3B1D8ED38700586166 /* AccountManagement_M_TableViewCell.swift in Sources */ = {isa = PBXBuildFile; fileRef = 7FE5BF3A1D8ED38700586166 /* AccountManagement_M_TableViewCell.swift */; };
		7FE5BF3D1D8ED3AC00586166 /* AccountManagement_TwoLabel_TableViewCell.swift in Sources */ = {isa = PBXBuildFile; fileRef = 7FE5BF3C1D8ED3AC00586166 /* AccountManagement_TwoLabel_TableViewCell.swift */; };
		7FE5BF3F1D8ED3C500586166 /* AccountManagement_TwoLabel_Big_TableViewCell.swift in Sources */ = {isa = PBXBuildFile; fileRef = 7FE5BF3E1D8ED3C500586166 /* AccountManagement_TwoLabel_Big_TableViewCell.swift */; };
		7FE5BF411D8ED3DF00586166 /* AccountManagement_OneLabel_TableViewCell.swift in Sources */ = {isa = PBXBuildFile; fileRef = 7FE5BF401D8ED3DF00586166 /* AccountManagement_OneLabel_TableViewCell.swift */; };
		7FE5BF431D8EDFCD00586166 /* OnePhotoTwoLableTableViewCell.swift in Sources */ = {isa = PBXBuildFile; fileRef = 7FE5BF421D8EDFCD00586166 /* OnePhotoTwoLableTableViewCell.swift */; };
		7FF0C8511D91114400B85248 /* libsqlite3.tbd in Frameworks */ = {isa = PBXBuildFile; fileRef = 7FF0C8501D91114400B85248 /* libsqlite3.tbd */; };
		7FF0C8551D91173F00B85248 /* R.xcdatamodeld in Sources */ = {isa = PBXBuildFile; fileRef = 7FF0C8531D91173F00B85248 /* R.xcdatamodeld */; };
		7FFA9E441D960570002380C0 /* OnePhoto_H_NTableViewCell.swift in Sources */ = {isa = PBXBuildFile; fileRef = 7FFA9E431D960570002380C0 /* OnePhoto_H_NTableViewCell.swift */; };
		7FFA9E461D960587002380C0 /* OnePhoto_Z_NTableViewCell.swift in Sources */ = {isa = PBXBuildFile; fileRef = 7FFA9E451D960587002380C0 /* OnePhoto_Z_NTableViewCell.swift */; };
		7FFA9E481D96059E002380C0 /* ThreePhoto_NTableViewCell.swift in Sources */ = {isa = PBXBuildFile; fileRef = 7FFA9E471D96059E002380C0 /* ThreePhoto_NTableViewCell.swift */; };
		7FFA9E4A1D9605B4002380C0 /* SixPhoto_TableViewCell.swift in Sources */ = {isa = PBXBuildFile; fileRef = 7FFA9E491D9605B4002380C0 /* SixPhoto_TableViewCell.swift */; };
		7FFA9E4C1D9605C1002380C0 /* NinePhoto_TableViewCell.swift in Sources */ = {isa = PBXBuildFile; fileRef = 7FFA9E4B1D9605C1002380C0 /* NinePhoto_TableViewCell.swift */; };
		7FFA9E4E1D960953002380C0 /* News_Information_TableViewCell.swift in Sources */ = {isa = PBXBuildFile; fileRef = 7FFA9E4D1D960953002380C0 /* News_Information_TableViewCell.swift */; };
		7FFA9E501D960A0F002380C0 /* CommentsPraiseDemote_NTableViewCell.swift in Sources */ = {isa = PBXBuildFile; fileRef = 7FFA9E4F1D960A0F002380C0 /* CommentsPraiseDemote_NTableViewCell.swift */; };
		7FFA9E521D960CE7002380C0 /* OnlyOneLabel_TableViewCell.swift in Sources */ = {isa = PBXBuildFile; fileRef = 7FFA9E511D960CE7002380C0 /* OnlyOneLabel_TableViewCell.swift */; };
		7FFA9E541D9610B7002380C0 /* Pinglun_NTableViewCell.swift in Sources */ = {isa = PBXBuildFile; fileRef = 7FFA9E531D9610B7002380C0 /* Pinglun_NTableViewCell.swift */; };
		7FFA9E561D97F148002380C0 /* Piker.xib in Resources */ = {isa = PBXBuildFile; fileRef = 7FFA9E551D97F148002380C0 /* Piker.xib */; };
		7FFA9E581D97F1BB002380C0 /* Picker_TableViewCell.swift in Sources */ = {isa = PBXBuildFile; fileRef = 7FFA9E571D97F1BB002380C0 /* Picker_TableViewCell.swift */; };
		7FFA9E5A1D97F1D9002380C0 /* DatePicker_TableViewCell.swift in Sources */ = {isa = PBXBuildFile; fileRef = 7FFA9E591D97F1D9002380C0 /* DatePicker_TableViewCell.swift */; };
		7FFA9E5D1D9804A4002380C0 /* TViewController.swift in Sources */ = {isa = PBXBuildFile; fileRef = 7FFA9E5B1D9804A4002380C0 /* TViewController.swift */; };
		7FFA9E5E1D9804A4002380C0 /* TViewController.xib in Resources */ = {isa = PBXBuildFile; fileRef = 7FFA9E5C1D9804A4002380C0 /* TViewController.xib */; };
		8E27E0A936834B29C0CA482A /* Pods_LALAS3.framework in Frameworks */ = {isa = PBXBuildFile; fileRef = BDF2BD7B0043FD07DE284F40 /* Pods_LALAS3.framework */; };
/* End PBXBuildFile section */

/* Begin PBXContainerItemProxy section */
		7FD101601D89764D009BB6A6 /* PBXContainerItemProxy */ = {
			isa = PBXContainerItemProxy;
			containerPortal = 7FD101411D89764C009BB6A6 /* Project object */;
			proxyType = 1;
			remoteGlobalIDString = 7FD101481D89764D009BB6A6;
			remoteInfo = LALAS3;
		};
		7FD1016B1D89764D009BB6A6 /* PBXContainerItemProxy */ = {
			isa = PBXContainerItemProxy;
			containerPortal = 7FD101411D89764C009BB6A6 /* Project object */;
			proxyType = 1;
			remoteGlobalIDString = 7FD101481D89764D009BB6A6;
			remoteInfo = LALAS3;
		};
/* End PBXContainerItemProxy section */

/* Begin PBXFileReference section */
		1EE9647F7DE5B2DCE0C3223C /* Pods-LALAS3.release.xcconfig */ = {isa = PBXFileReference; includeInIndex = 1; lastKnownFileType = text.xcconfig; name = "Pods-LALAS3.release.xcconfig"; path = "Pods/Target Support Files/Pods-LALAS3/Pods-LALAS3.release.xcconfig"; sourceTree = "<group>"; };
		73C7DC9B3D33878FCF28F421 /* Pods-LALAS3.debug.xcconfig */ = {isa = PBXFileReference; includeInIndex = 1; lastKnownFileType = text.xcconfig; name = "Pods-LALAS3.debug.xcconfig"; path = "Pods/Target Support Files/Pods-LALAS3/Pods-LALAS3.debug.xcconfig"; sourceTree = "<group>"; };
		7F0E0C861D9921C800A54353 /* AccountManagement_ViewController.swift */ = {isa = PBXFileReference; fileEncoding = 4; lastKnownFileType = sourcecode.swift; name = AccountManagement_ViewController.swift; path = Fourth_4/AccountManagement_ViewController.swift; sourceTree = "<group>"; };
		7F2475731D917599003B40B4 /* ViewPhotoWithScroll_ViewController.swift */ = {isa = PBXFileReference; fileEncoding = 4; lastKnownFileType = sourcecode.swift; name = ViewPhotoWithScroll_ViewController.swift; path = 1/ViewPhotoWithScroll_ViewController.swift; sourceTree = "<group>"; };
		7F3F21D91D92B02200ACF590 /* MessiageDetail_TableViewController.swift */ = {isa = PBXFileReference; fileEncoding = 4; lastKnownFileType = sourcecode.swift; name = MessiageDetail_TableViewController.swift; path = 1/MessiageDetail_TableViewController.swift; sourceTree = "<group>"; };
		7F3F21ED1D93ACCB00ACF590 /* ChatPeople_TableViewCell.swift */ = {isa = PBXFileReference; fileEncoding = 4; lastKnownFileType = sourcecode.swift; name = ChatPeople_TableViewCell.swift; path = CELL/ChatPeople_TableViewCell.swift; sourceTree = "<group>"; };
		7F3F21F31D93B4C100ACF590 /* Cells.xib */ = {isa = PBXFileReference; fileEncoding = 4; lastKnownFileType = file.xib; name = Cells.xib; path = CELL/Cells.xib; sourceTree = "<group>"; };
		7F3F21F71D93B5DC00ACF590 /* Advertisement_TableViewCell.swift */ = {isa = PBXFileReference; fileEncoding = 4; lastKnownFileType = sourcecode.swift; name = Advertisement_TableViewCell.swift; path = CELL/Advertisement_TableViewCell.swift; sourceTree = "<group>"; };
		7F3F22011D93C02F00ACF590 /* ChatMe_TableViewCell.swift */ = {isa = PBXFileReference; fileEncoding = 4; lastKnownFileType = sourcecode.swift; name = ChatMe_TableViewCell.swift; path = CELL/ChatMe_TableViewCell.swift; sourceTree = "<group>"; };
		7F3F22031D93C03D00ACF590 /* ChatYou_TableViewCell.swift */ = {isa = PBXFileReference; fileEncoding = 4; lastKnownFileType = sourcecode.swift; name = ChatYou_TableViewCell.swift; path = CELL/ChatYou_TableViewCell.swift; sourceTree = "<group>"; };
		7F3F22051D93E41C00ACF590 /* T_ViewController.swift */ = {isa = PBXFileReference; fileEncoding = 4; lastKnownFileType = sourcecode.swift; name = T_ViewController.swift; path = Second_2/T_ViewController.swift; sourceTree = "<group>"; };
		7F5322B21D8BC9BC00294C62 /* SearchResults_ViewController.swift */ = {isa = PBXFileReference; fileEncoding = 4; lastKnownFileType = sourcecode.swift; name = SearchResults_ViewController.swift; path = Third_3/SearchResults_ViewController.swift; sourceTree = "<group>"; };
		7F5322B71D8BCA1700294C62 /* OnePhotoOneLable_CollectionViewCell.swift */ = {isa = PBXFileReference; fileEncoding = 4; lastKnownFileType = sourcecode.swift; name = OnePhotoOneLable_CollectionViewCell.swift; path = Third_3/cells/OnePhotoOneLable_CollectionViewCell.swift; sourceTree = "<group>"; };
		7F5322B91D8BCDD100294C62 /* OnePhotoTwoLabel_TableViewCell.swift */ = {isa = PBXFileReference; fileEncoding = 4; lastKnownFileType = sourcecode.swift; name = OnePhotoTwoLabel_TableViewCell.swift; path = Main/cells3/OnePhotoTwoLabel_TableViewCell.swift; sourceTree = "<group>"; };
		7F5322BB1D8BCDEC00294C62 /* ADs_TableViewCell.swift */ = {isa = PBXFileReference; fileEncoding = 4; lastKnownFileType = sourcecode.swift; name = ADs_TableViewCell.swift; path = Main/cells3/ADs_TableViewCell.swift; sourceTree = "<group>"; };
		7F5322BD1D8BCDFE00294C62 /* More_TableViewCell.swift */ = {isa = PBXFileReference; fileEncoding = 4; lastKnownFileType = sourcecode.swift; name = More_TableViewCell.swift; path = Main/cells3/More_TableViewCell.swift; sourceTree = "<group>"; };
		7F95C5091D91953F00D7C447 /* MyPlayground.playground */ = {isa = PBXFileReference; lastKnownFileType = file.playground; path = MyPlayground.playground; sourceTree = "<group>"; };
		7F9A5F591D89B2C900C2E133 /* AD_TableViewCell.swift */ = {isa = PBXFileReference; fileEncoding = 4; lastKnownFileType = sourcecode.swift; name = AD_TableViewCell.swift; path = Main/Cell/AD_TableViewCell.swift; sourceTree = "<group>"; };
		7F9A5F5B1D89BFE800C2E133 /* Remarks */ = {isa = PBXFileReference; fileEncoding = 4; lastKnownFileType = text; path = Remarks; sourceTree = SOURCE_ROOT; };
		7F9A5F5D1D89C76500C2E133 /* OnePhoto_H_TableViewCell.swift */ = {isa = PBXFileReference; fileEncoding = 4; lastKnownFileType = sourcecode.swift; name = OnePhoto_H_TableViewCell.swift; path = Main/Cell/OnePhoto_H_TableViewCell.swift; sourceTree = "<group>"; };
		7FA6E8EF1D89A4FF003F6186 /* FirstViewController.swift */ = {isa = PBXFileReference; fileEncoding = 4; lastKnownFileType = sourcecode.swift; name = FirstViewController.swift; path = Main/FirstViewController.swift; sourceTree = "<group>"; };
		7FA6E8F11D89A50F003F6186 /* SecondViewController.swift */ = {isa = PBXFileReference; fileEncoding = 4; lastKnownFileType = sourcecode.swift; name = SecondViewController.swift; path = Main/SecondViewController.swift; sourceTree = "<group>"; };
		7FA6E8F31D89A526003F6186 /* ThirdViewController.swift */ = {isa = PBXFileReference; fileEncoding = 4; lastKnownFileType = sourcecode.swift; name = ThirdViewController.swift; path = Main/ThirdViewController.swift; sourceTree = "<group>"; };
		7FA6E8F51D89A535003F6186 /* FourthViewController.swift */ = {isa = PBXFileReference; fileEncoding = 4; lastKnownFileType = sourcecode.swift; name = FourthViewController.swift; path = Main/FourthViewController.swift; sourceTree = "<group>"; };
		7FA6E8F81D89A586003F6186 /* First.storyboard */ = {isa = PBXFileReference; fileEncoding = 4; lastKnownFileType = file.storyboard; name = First.storyboard; path = 1/First.storyboard; sourceTree = "<group>"; };
		7FA6E8FA1D89A5B4003F6186 /* SaoYiSaoViewController.swift */ = {isa = PBXFileReference; fileEncoding = 4; lastKnownFileType = sourcecode.swift; name = SaoYiSaoViewController.swift; path = 1/SaoYiSaoViewController.swift; sourceTree = "<group>"; };
		7FA6E8FC1D89A5DF003F6186 /* SendNewMessiageViewController.swift */ = {isa = PBXFileReference; fileEncoding = 4; lastKnownFileType = sourcecode.swift; name = SendNewMessiageViewController.swift; path = 1/SendNewMessiageViewController.swift; sourceTree = "<group>"; };
		7FA6E9091D89A6FE003F6186 /* TwoThreePhoto_TableViewCell.swift */ = {isa = PBXFileReference; fileEncoding = 4; lastKnownFileType = sourcecode.swift; name = TwoThreePhoto_TableViewCell.swift; path = Main/Cell/TwoThreePhoto_TableViewCell.swift; sourceTree = "<group>"; };
		7FA6E90B1D89A71C003F6186 /* FourFiveSix_TableViewCell.swift */ = {isa = PBXFileReference; fileEncoding = 4; lastKnownFileType = sourcecode.swift; name = FourFiveSix_TableViewCell.swift; path = Main/Cell/FourFiveSix_TableViewCell.swift; sourceTree = "<group>"; };
		7FA6E90D1D89A74D003F6186 /* SevenEightNinePhoto_TableViewCell.swift */ = {isa = PBXFileReference; fileEncoding = 4; lastKnownFileType = sourcecode.swift; name = SevenEightNinePhoto_TableViewCell.swift; path = Main/Cell/SevenEightNinePhoto_TableViewCell.swift; sourceTree = "<group>"; };
		7FA6E90F1D89A768003F6186 /* Words_TableViewCell.swift */ = {isa = PBXFileReference; fileEncoding = 4; lastKnownFileType = sourcecode.swift; name = Words_TableViewCell.swift; path = Main/Cell/Words_TableViewCell.swift; sourceTree = "<group>"; };
		7FA6E9111D89A7EF003F6186 /* CommentsPraiseDemote_TableViewCell.swift */ = {isa = PBXFileReference; fileEncoding = 4; lastKnownFileType = sourcecode.swift; name = CommentsPraiseDemote_TableViewCell.swift; path = Main/Cell/CommentsPraiseDemote_TableViewCell.swift; sourceTree = "<group>"; };
		7FA6E9171D89A8E2003F6186 /* Fourth.storyboard */ = {isa = PBXFileReference; fileEncoding = 4; lastKnownFileType = file.storyboard; path = Fourth.storyboard; sourceTree = "<group>"; };
		7FA6E91B1D89A906003F6186 /* Second.storyboard */ = {isa = PBXFileReference; fileEncoding = 4; lastKnownFileType = file.storyboard; path = Second.storyboard; sourceTree = "<group>"; };
		7FA6E91D1D89A913003F6186 /* Third.storyboard */ = {isa = PBXFileReference; fileEncoding = 4; lastKnownFileType = file.storyboard; path = Third.storyboard; sourceTree = "<group>"; };
		7FA6E91F1D89A994003F6186 /* Login_ViewController.swift */ = {isa = PBXFileReference; fileEncoding = 4; lastKnownFileType = sourcecode.swift; name = Login_ViewController.swift; path = Main/Login_ViewController.swift; sourceTree = "<group>"; };
		7FA6E9211D89A9BC003F6186 /* Register_ViewController.swift */ = {isa = PBXFileReference; fileEncoding = 4; lastKnownFileType = sourcecode.swift; name = Register_ViewController.swift; path = Main/Register_ViewController.swift; sourceTree = "<group>"; };
		7FA6E9231D89ABCF003F6186 /* Functions.swift */ = {isa = PBXFileReference; fileEncoding = 4; lastKnownFileType = sourcecode.swift; path = Functions.swift; sourceTree = "<group>"; };
		7FAECEED1D8A7399004592EA /* Server.plist */ = {isa = PBXFileReference; fileEncoding = 4; lastKnownFileType = text.plist.xml; name = Server.plist; path = Others/Server.plist; sourceTree = "<group>"; };
		7FAECEEF1D8ABAD9004592EA /* Setting_TableViewController.swift */ = {isa = PBXFileReference; fileEncoding = 4; lastKnownFileType = sourcecode.swift; name = Setting_TableViewController.swift; path = Fourth_4/Setting_TableViewController.swift; sourceTree = "<group>"; };
		7FAECEF21D8ABB25004592EA /* Photo_Lable_TableViewCell.swift */ = {isa = PBXFileReference; fileEncoding = 4; lastKnownFileType = sourcecode.swift; name = Photo_Lable_TableViewCell.swift; path = Fourth_4/cells/Photo_Lable_TableViewCell.swift; sourceTree = "<group>"; };
		7FAECEF41D8ABB3F004592EA /* Lable_Center_TableViewCell.swift */ = {isa = PBXFileReference; fileEncoding = 4; lastKnownFileType = sourcecode.swift; name = Lable_Center_TableViewCell.swift; path = Fourth_4/cells/Lable_Center_TableViewCell.swift; sourceTree = "<group>"; };
		7FD101491D89764D009BB6A6 /* LALAS3.app */ = {isa = PBXFileReference; explicitFileType = wrapper.application; includeInIndex = 0; path = LALAS3.app; sourceTree = BUILT_PRODUCTS_DIR; };
		7FD1014C1D89764D009BB6A6 /* AppDelegate.swift */ = {isa = PBXFileReference; lastKnownFileType = sourcecode.swift; path = AppDelegate.swift; sourceTree = "<group>"; };
		7FD101531D89764D009BB6A6 /* Base */ = {isa = PBXFileReference; lastKnownFileType = file.storyboard; name = Base; path = Base.lproj/Main.storyboard; sourceTree = "<group>"; };
		7FD101551D89764D009BB6A6 /* Assets.xcassets */ = {isa = PBXFileReference; lastKnownFileType = folder.assetcatalog; path = Assets.xcassets; sourceTree = "<group>"; };
		7FD101581D89764D009BB6A6 /* Base */ = {isa = PBXFileReference; lastKnownFileType = file.storyboard; name = Base; path = Base.lproj/LaunchScreen.storyboard; sourceTree = "<group>"; };
		7FD1015A1D89764D009BB6A6 /* Info.plist */ = {isa = PBXFileReference; lastKnownFileType = text.plist.xml; path = Info.plist; sourceTree = "<group>"; };
		7FD1015F1D89764D009BB6A6 /* LALAS3Tests.xctest */ = {isa = PBXFileReference; explicitFileType = wrapper.cfbundle; includeInIndex = 0; path = LALAS3Tests.xctest; sourceTree = BUILT_PRODUCTS_DIR; };
		7FD101631D89764D009BB6A6 /* LALAS3Tests.swift */ = {isa = PBXFileReference; lastKnownFileType = sourcecode.swift; path = LALAS3Tests.swift; sourceTree = "<group>"; };
		7FD101651D89764D009BB6A6 /* Info.plist */ = {isa = PBXFileReference; lastKnownFileType = text.plist.xml; path = Info.plist; sourceTree = "<group>"; };
		7FD1016A1D89764D009BB6A6 /* LALAS3UITests.xctest */ = {isa = PBXFileReference; explicitFileType = wrapper.cfbundle; includeInIndex = 0; path = LALAS3UITests.xctest; sourceTree = BUILT_PRODUCTS_DIR; };
		7FD1016E1D89764D009BB6A6 /* LALAS3UITests.swift */ = {isa = PBXFileReference; lastKnownFileType = sourcecode.swift; path = LALAS3UITests.swift; sourceTree = "<group>"; };
		7FD101701D89764D009BB6A6 /* Info.plist */ = {isa = PBXFileReference; lastKnownFileType = text.plist.xml; path = Info.plist; sourceTree = "<group>"; };
		7FE5BF1C1D8E722800586166 /* L_ViewController.swift */ = {isa = PBXFileReference; fileEncoding = 4; lastKnownFileType = sourcecode.swift; path = L_ViewController.swift; sourceTree = "<group>"; };
		7FE5BF221D8E74B400586166 /* AccountSecurity_TableViewController.swift */ = {isa = PBXFileReference; fileEncoding = 4; lastKnownFileType = sourcecode.swift; name = AccountSecurity_TableViewController.swift; path = Fourth_4/AccountSecurity_TableViewController.swift; sourceTree = "<group>"; };
		7FE5BF241D8E74FD00586166 /* Tongzhi_TableViewController.swift */ = {isa = PBXFileReference; fileEncoding = 4; lastKnownFileType = sourcecode.swift; name = Tongzhi_TableViewController.swift; path = Fourth_4/Tongzhi_TableViewController.swift; sourceTree = "<group>"; };
		7FE5BF261D8E751000586166 /* TongYong_TableViewController.swift */ = {isa = PBXFileReference; fileEncoding = 4; lastKnownFileType = sourcecode.swift; name = TongYong_TableViewController.swift; path = Fourth_4/TongYong_TableViewController.swift; sourceTree = "<group>"; };
		7FE5BF281D8E753D00586166 /* HuanCun_ViewController.swift */ = {isa = PBXFileReference; fileEncoding = 4; lastKnownFileType = sourcecode.swift; name = HuanCun_ViewController.swift; path = Fourth_4/HuanCun_ViewController.swift; sourceTree = "<group>"; };
		7FE5BF2A1D8E755600586166 /* FanKui_ViewController.swift */ = {isa = PBXFileReference; fileEncoding = 4; lastKnownFileType = sourcecode.swift; name = FanKui_ViewController.swift; path = Fourth_4/FanKui_ViewController.swift; sourceTree = "<group>"; };
		7FE5BF2C1D8E756A00586166 /* AboutUs_ViewController.swift */ = {isa = PBXFileReference; fileEncoding = 4; lastKnownFileType = sourcecode.swift; name = AboutUs_ViewController.swift; path = Fourth_4/AboutUs_ViewController.swift; sourceTree = "<group>"; };
		7FE5BF2E1D8E75B000586166 /* OnePhoto_Z_TableViewCell.swift */ = {isa = PBXFileReference; fileEncoding = 4; lastKnownFileType = sourcecode.swift; name = OnePhoto_Z_TableViewCell.swift; path = Main/Cell/OnePhoto_Z_TableViewCell.swift; sourceTree = "<group>"; };
		7FE5BF321D8EBB0E00586166 /* Aboutus_M_TableViewCell.swift */ = {isa = PBXFileReference; fileEncoding = 4; lastKnownFileType = sourcecode.swift; name = Aboutus_M_TableViewCell.swift; path = Fourth_4/cells/Aboutus_M_TableViewCell.swift; sourceTree = "<group>"; };
		7FE5BF341D8EBEDA00586166 /* AccountSecurityCell_TwoLabel_TableViewCell.swift */ = {isa = PBXFileReference; fileEncoding = 4; lastKnownFileType = sourcecode.swift; name = AccountSecurityCell_TwoLabel_TableViewCell.swift; path = Fourth_4/cells/AccountSecurityCell_TwoLabel_TableViewCell.swift; sourceTree = "<group>"; };
		7FE5BF361D8EBEF200586166 /* AccountSecurityCell_OneLabel_TableViewCell.swift */ = {isa = PBXFileReference; fileEncoding = 4; lastKnownFileType = sourcecode.swift; name = AccountSecurityCell_OneLabel_TableViewCell.swift; path = Fourth_4/cells/AccountSecurityCell_OneLabel_TableViewCell.swift; sourceTree = "<group>"; };
		7FE5BF381D8EBF0600586166 /* AccountSecurityCell_LableSwitch_TableViewCell.swift */ = {isa = PBXFileReference; fileEncoding = 4; lastKnownFileType = sourcecode.swift; name = AccountSecurityCell_LableSwitch_TableViewCell.swift; path = Fourth_4/cells/AccountSecurityCell_LableSwitch_TableViewCell.swift; sourceTree = "<group>"; };
		7FE5BF3A1D8ED38700586166 /* AccountManagement_M_TableViewCell.swift */ = {isa = PBXFileReference; fileEncoding = 4; lastKnownFileType = sourcecode.swift; name = AccountManagement_M_TableViewCell.swift; path = Fourth_4/cells/AccountManagement_M_TableViewCell.swift; sourceTree = "<group>"; };
		7FE5BF3C1D8ED3AC00586166 /* AccountManagement_TwoLabel_TableViewCell.swift */ = {isa = PBXFileReference; fileEncoding = 4; lastKnownFileType = sourcecode.swift; name = AccountManagement_TwoLabel_TableViewCell.swift; path = Fourth_4/cells/AccountManagement_TwoLabel_TableViewCell.swift; sourceTree = "<group>"; };
		7FE5BF3E1D8ED3C500586166 /* AccountManagement_TwoLabel_Big_TableViewCell.swift */ = {isa = PBXFileReference; fileEncoding = 4; lastKnownFileType = sourcecode.swift; name = AccountManagement_TwoLabel_Big_TableViewCell.swift; path = Fourth_4/cells/AccountManagement_TwoLabel_Big_TableViewCell.swift; sourceTree = "<group>"; };
		7FE5BF401D8ED3DF00586166 /* AccountManagement_OneLabel_TableViewCell.swift */ = {isa = PBXFileReference; fileEncoding = 4; lastKnownFileType = sourcecode.swift; name = AccountManagement_OneLabel_TableViewCell.swift; path = Fourth_4/cells/AccountManagement_OneLabel_TableViewCell.swift; sourceTree = "<group>"; };
		7FE5BF421D8EDFCD00586166 /* OnePhotoTwoLableTableViewCell.swift */ = {isa = PBXFileReference; fileEncoding = 4; lastKnownFileType = sourcecode.swift; name = OnePhotoTwoLableTableViewCell.swift; path = Third_3/cells/OnePhotoTwoLableTableViewCell.swift; sourceTree = "<group>"; };
		7FF0C8501D91114400B85248 /* libsqlite3.tbd */ = {isa = PBXFileReference; lastKnownFileType = "sourcecode.text-based-dylib-definition"; name = libsqlite3.tbd; path = usr/lib/libsqlite3.tbd; sourceTree = SDKROOT; };
		7FF0C8521D91127600B85248 /* LALAS3-Bridging-Header.h */ = {isa = PBXFileReference; lastKnownFileType = sourcecode.c.h; path = "LALAS3-Bridging-Header.h"; sourceTree = "<group>"; };
		7FF0C8541D91173F00B85248 /* R.xcdatamodel */ = {isa = PBXFileReference; lastKnownFileType = wrapper.xcdatamodel; path = R.xcdatamodel; sourceTree = "<group>"; };
		7FFA9E431D960570002380C0 /* OnePhoto_H_NTableViewCell.swift */ = {isa = PBXFileReference; fileEncoding = 4; lastKnownFileType = sourcecode.swift; name = OnePhoto_H_NTableViewCell.swift; path = CELL/OnePhoto_H_NTableViewCell.swift; sourceTree = "<group>"; };
		7FFA9E451D960587002380C0 /* OnePhoto_Z_NTableViewCell.swift */ = {isa = PBXFileReference; fileEncoding = 4; lastKnownFileType = sourcecode.swift; name = OnePhoto_Z_NTableViewCell.swift; path = CELL/OnePhoto_Z_NTableViewCell.swift; sourceTree = "<group>"; };
		7FFA9E471D96059E002380C0 /* ThreePhoto_NTableViewCell.swift */ = {isa = PBXFileReference; fileEncoding = 4; lastKnownFileType = sourcecode.swift; name = ThreePhoto_NTableViewCell.swift; path = CELL/ThreePhoto_NTableViewCell.swift; sourceTree = "<group>"; };
		7FFA9E491D9605B4002380C0 /* SixPhoto_TableViewCell.swift */ = {isa = PBXFileReference; fileEncoding = 4; lastKnownFileType = sourcecode.swift; name = SixPhoto_TableViewCell.swift; path = CELL/SixPhoto_TableViewCell.swift; sourceTree = "<group>"; };
		7FFA9E4B1D9605C1002380C0 /* NinePhoto_TableViewCell.swift */ = {isa = PBXFileReference; fileEncoding = 4; lastKnownFileType = sourcecode.swift; name = NinePhoto_TableViewCell.swift; path = CELL/NinePhoto_TableViewCell.swift; sourceTree = "<group>"; };
		7FFA9E4D1D960953002380C0 /* News_Information_TableViewCell.swift */ = {isa = PBXFileReference; fileEncoding = 4; lastKnownFileType = sourcecode.swift; name = News_Information_TableViewCell.swift; path = CELL/News_Information_TableViewCell.swift; sourceTree = "<group>"; };
		7FFA9E4F1D960A0F002380C0 /* CommentsPraiseDemote_NTableViewCell.swift */ = {isa = PBXFileReference; fileEncoding = 4; lastKnownFileType = sourcecode.swift; name = CommentsPraiseDemote_NTableViewCell.swift; path = CELL/CommentsPraiseDemote_NTableViewCell.swift; sourceTree = "<group>"; };
		7FFA9E511D960CE7002380C0 /* OnlyOneLabel_TableViewCell.swift */ = {isa = PBXFileReference; fileEncoding = 4; lastKnownFileType = sourcecode.swift; name = OnlyOneLabel_TableViewCell.swift; path = CELL/OnlyOneLabel_TableViewCell.swift; sourceTree = "<group>"; };
		7FFA9E531D9610B7002380C0 /* Pinglun_NTableViewCell.swift */ = {isa = PBXFileReference; fileEncoding = 4; lastKnownFileType = sourcecode.swift; name = Pinglun_NTableViewCell.swift; path = CELL/Pinglun_NTableViewCell.swift; sourceTree = "<group>"; };
		7FFA9E551D97F148002380C0 /* Piker.xib */ = {isa = PBXFileReference; fileEncoding = 4; lastKnownFileType = file.xib; name = Piker.xib; path = CELL/Piker.xib; sourceTree = "<group>"; };
		7FFA9E571D97F1BB002380C0 /* Picker_TableViewCell.swift */ = {isa = PBXFileReference; fileEncoding = 4; lastKnownFileType = sourcecode.swift; name = Picker_TableViewCell.swift; path = CELL/Picker_TableViewCell.swift; sourceTree = "<group>"; };
		7FFA9E591D97F1D9002380C0 /* DatePicker_TableViewCell.swift */ = {isa = PBXFileReference; fileEncoding = 4; lastKnownFileType = sourcecode.swift; name = DatePicker_TableViewCell.swift; path = CELL/DatePicker_TableViewCell.swift; sourceTree = "<group>"; };
		7FFA9E5B1D9804A4002380C0 /* TViewController.swift */ = {isa = PBXFileReference; fileEncoding = 4; lastKnownFileType = sourcecode.swift; name = TViewController.swift; path = Shit/TViewController.swift; sourceTree = "<group>"; };
		7FFA9E5C1D9804A4002380C0 /* TViewController.xib */ = {isa = PBXFileReference; fileEncoding = 4; lastKnownFileType = file.xib; name = TViewController.xib; path = Shit/TViewController.xib; sourceTree = "<group>"; };
		BDF2BD7B0043FD07DE284F40 /* Pods_LALAS3.framework */ = {isa = PBXFileReference; explicitFileType = wrapper.framework; includeInIndex = 0; path = Pods_LALAS3.framework; sourceTree = BUILT_PRODUCTS_DIR; };
/* End PBXFileReference section */

/* Begin PBXFrameworksBuildPhase section */
		7FD101461D89764D009BB6A6 /* Frameworks */ = {
			isa = PBXFrameworksBuildPhase;
			buildActionMask = 2147483647;
			files = (
				7FF0C8511D91114400B85248 /* libsqlite3.tbd in Frameworks */,
				8E27E0A936834B29C0CA482A /* Pods_LALAS3.framework in Frameworks */,
			);
			runOnlyForDeploymentPostprocessing = 0;
		};
		7FD1015C1D89764D009BB6A6 /* Frameworks */ = {
			isa = PBXFrameworksBuildPhase;
			buildActionMask = 2147483647;
			files = (
			);
			runOnlyForDeploymentPostprocessing = 0;
		};
		7FD101671D89764D009BB6A6 /* Frameworks */ = {
			isa = PBXFrameworksBuildPhase;
			buildActionMask = 2147483647;
			files = (
			);
			runOnlyForDeploymentPostprocessing = 0;
		};
/* End PBXFrameworksBuildPhase section */

/* Begin PBXGroup section */
		05DFF5341690B73CF5FBA455 /* Pods */ = {
			isa = PBXGroup;
			children = (
				73C7DC9B3D33878FCF28F421 /* Pods-LALAS3.debug.xcconfig */,
				1EE9647F7DE5B2DCE0C3223C /* Pods-LALAS3.release.xcconfig */,
			);
			name = Pods;
			sourceTree = "<group>";
		};
		7F3F21E71D92D5F400ACF590 /* CELLS */ = {
			isa = PBXGroup;
			children = (
				7F3F21F31D93B4C100ACF590 /* Cells.xib */,
				7F3F21ED1D93ACCB00ACF590 /* ChatPeople_TableViewCell.swift */,
				7F3F21F71D93B5DC00ACF590 /* Advertisement_TableViewCell.swift */,
				7F3F22031D93C03D00ACF590 /* ChatYou_TableViewCell.swift */,
				7F3F22011D93C02F00ACF590 /* ChatMe_TableViewCell.swift */,
				7FFA9E4D1D960953002380C0 /* News_Information_TableViewCell.swift */,
				7FFA9E4F1D960A0F002380C0 /* CommentsPraiseDemote_NTableViewCell.swift */,
				7FFA9E531D9610B7002380C0 /* Pinglun_NTableViewCell.swift */,
				7FFA9E431D960570002380C0 /* OnePhoto_H_NTableViewCell.swift */,
				7FFA9E451D960587002380C0 /* OnePhoto_Z_NTableViewCell.swift */,
				7FFA9E471D96059E002380C0 /* ThreePhoto_NTableViewCell.swift */,
				7FFA9E491D9605B4002380C0 /* SixPhoto_TableViewCell.swift */,
				7FFA9E4B1D9605C1002380C0 /* NinePhoto_TableViewCell.swift */,
				7FFA9E511D960CE7002380C0 /* OnlyOneLabel_TableViewCell.swift */,
				7FFA9E551D97F148002380C0 /* Piker.xib */,
				7FFA9E571D97F1BB002380C0 /* Picker_TableViewCell.swift */,
				7FFA9E591D97F1D9002380C0 /* DatePicker_TableViewCell.swift */,
			);
			name = CELLS;
			sourceTree = "<group>";
		};
		7F5322B41D8BC9C200294C62 /* cells */ = {
			isa = PBXGroup;
			children = (
				7F5322B71D8BCA1700294C62 /* OnePhotoOneLable_CollectionViewCell.swift */,
				7FE5BF421D8EDFCD00586166 /* OnePhotoTwoLableTableViewCell.swift */,
			);
			name = cells;
			sourceTree = "<group>";
		};
		7FA6E8EE1D899AA4003F6186 /* Main */ = {
			isa = PBXGroup;
			children = (
				7FD101521D89764D009BB6A6 /* Main.storyboard */,
				7FA6E8EF1D89A4FF003F6186 /* FirstViewController.swift */,
				7FA6E8F11D89A50F003F6186 /* SecondViewController.swift */,
				7FA6E8F31D89A526003F6186 /* ThirdViewController.swift */,
				7FA6E8F51D89A535003F6186 /* FourthViewController.swift */,
				7FA6E91F1D89A994003F6186 /* Login_ViewController.swift */,
				7FA6E9211D89A9BC003F6186 /* Register_ViewController.swift */,
				7FA6E9001D89A61C003F6186 /* First_Cells */,
				7FA6E9131D89A831003F6186 /* Second_Cells */,
				7FA6E9141D89A835003F6186 /* Third-cells */,
				7FA6E9151D89A838003F6186 /* Fourth_Cells */,
			);
			name = Main;
			sourceTree = "<group>";
		};
		7FA6E8F71D89A544003F6186 /* First_1 */ = {
			isa = PBXGroup;
			children = (
				7FA6E8F81D89A586003F6186 /* First.storyboard */,
				7FA6E8FA1D89A5B4003F6186 /* SaoYiSaoViewController.swift */,
				7FA6E8FC1D89A5DF003F6186 /* SendNewMessiageViewController.swift */,
				7F2475731D917599003B40B4 /* ViewPhotoWithScroll_ViewController.swift */,
				7F3F21D91D92B02200ACF590 /* MessiageDetail_TableViewController.swift */,
			);
			name = First_1;
			sourceTree = "<group>";
		};
		7FA6E9001D89A61C003F6186 /* First_Cells */ = {
			isa = PBXGroup;
			children = (
				7F9A5F591D89B2C900C2E133 /* AD_TableViewCell.swift */,
				7FA6E90F1D89A768003F6186 /* Words_TableViewCell.swift */,
				7F9A5F5D1D89C76500C2E133 /* OnePhoto_H_TableViewCell.swift */,
				7FE5BF2E1D8E75B000586166 /* OnePhoto_Z_TableViewCell.swift */,
				7FA6E9091D89A6FE003F6186 /* TwoThreePhoto_TableViewCell.swift */,
				7FA6E90B1D89A71C003F6186 /* FourFiveSix_TableViewCell.swift */,
				7FA6E90D1D89A74D003F6186 /* SevenEightNinePhoto_TableViewCell.swift */,
				7FA6E9111D89A7EF003F6186 /* CommentsPraiseDemote_TableViewCell.swift */,
			);
			name = First_Cells;
			sourceTree = "<group>";
		};
		7FA6E9131D89A831003F6186 /* Second_Cells */ = {
			isa = PBXGroup;
			children = (
			);
			name = Second_Cells;
			sourceTree = "<group>";
		};
		7FA6E9141D89A835003F6186 /* Third-cells */ = {
			isa = PBXGroup;
			children = (
				7F5322B91D8BCDD100294C62 /* OnePhotoTwoLabel_TableViewCell.swift */,
				7F5322BB1D8BCDEC00294C62 /* ADs_TableViewCell.swift */,
				7F5322BD1D8BCDFE00294C62 /* More_TableViewCell.swift */,
			);
			name = "Third-cells";
			sourceTree = "<group>";
		};
		7FA6E9151D89A838003F6186 /* Fourth_Cells */ = {
			isa = PBXGroup;
			children = (
			);
			name = Fourth_Cells;
			sourceTree = "<group>";
		};
		7FA6E9161D89A8BC003F6186 /* Fourth_4 */ = {
			isa = PBXGroup;
			children = (
				7FA6E9171D89A8E2003F6186 /* Fourth.storyboard */,
				7FAECEEF1D8ABAD9004592EA /* Setting_TableViewController.swift */,
				7FAECEF11D8ABADE004592EA /* cells */,
				7F0E0C861D9921C800A54353 /* AccountManagement_ViewController.swift */,
				7FE5BF221D8E74B400586166 /* AccountSecurity_TableViewController.swift */,
				7FE5BF261D8E751000586166 /* TongYong_TableViewController.swift */,
				7FE5BF241D8E74FD00586166 /* Tongzhi_TableViewController.swift */,
				7FE5BF281D8E753D00586166 /* HuanCun_ViewController.swift */,
				7FE5BF2A1D8E755600586166 /* FanKui_ViewController.swift */,
				7FE5BF2C1D8E756A00586166 /* AboutUs_ViewController.swift */,
			);
			name = Fourth_4;
			sourceTree = "<group>";
		};
		7FA6E9191D89A8EA003F6186 /* Second_2 */ = {
			isa = PBXGroup;
			children = (
				7FA6E91B1D89A906003F6186 /* Second.storyboard */,
				7F3F22051D93E41C00ACF590 /* T_ViewController.swift */,
			);
			name = Second_2;
			sourceTree = "<group>";
		};
		7FA6E91A1D89A8EE003F6186 /* Third_3 */ = {
			isa = PBXGroup;
			children = (
				7FA6E91D1D89A913003F6186 /* Third.storyboard */,
				7F5322B21D8BC9BC00294C62 /* SearchResults_ViewController.swift */,
				7F5322B41D8BC9C200294C62 /* cells */,
			);
			name = Third_3;
			sourceTree = "<group>";
		};
		7FAECEEA1D8A6AC4004592EA /* shit */ = {
			isa = PBXGroup;
			children = (
				7F95C5091D91953F00D7C447 /* MyPlayground.playground */,
				7FFA9E5B1D9804A4002380C0 /* TViewController.swift */,
				7FFA9E5C1D9804A4002380C0 /* TViewController.xib */,
			);
			name = shit;
			sourceTree = "<group>";
		};
		7FAECEF11D8ABADE004592EA /* cells */ = {
			isa = PBXGroup;
			children = (
				7FAECEF21D8ABB25004592EA /* Photo_Lable_TableViewCell.swift */,
				7FAECEF41D8ABB3F004592EA /* Lable_Center_TableViewCell.swift */,
				7FE5BF3A1D8ED38700586166 /* AccountManagement_M_TableViewCell.swift */,
				7FE5BF3C1D8ED3AC00586166 /* AccountManagement_TwoLabel_TableViewCell.swift */,
				7FE5BF3E1D8ED3C500586166 /* AccountManagement_TwoLabel_Big_TableViewCell.swift */,
				7FE5BF401D8ED3DF00586166 /* AccountManagement_OneLabel_TableViewCell.swift */,
				7FE5BF361D8EBEF200586166 /* AccountSecurityCell_OneLabel_TableViewCell.swift */,
				7FE5BF341D8EBEDA00586166 /* AccountSecurityCell_TwoLabel_TableViewCell.swift */,
				7FE5BF381D8EBF0600586166 /* AccountSecurityCell_LableSwitch_TableViewCell.swift */,
				7FE5BF321D8EBB0E00586166 /* Aboutus_M_TableViewCell.swift */,
			);
			name = cells;
			sourceTree = "<group>";
		};
		7FD101401D89764C009BB6A6 = {
			isa = PBXGroup;
			children = (
				7FD1014B1D89764D009BB6A6 /* LALAS3 */,
				7FD101621D89764D009BB6A6 /* LALAS3Tests */,
				7FD1016D1D89764D009BB6A6 /* LALAS3UITests */,
				7FD1014A1D89764D009BB6A6 /* Products */,
				05DFF5341690B73CF5FBA455 /* Pods */,
				F807D885972D56BFFF9611D1 /* Frameworks */,
			);
			sourceTree = "<group>";
		};
		7FD1014A1D89764D009BB6A6 /* Products */ = {
			isa = PBXGroup;
			children = (
				7FD101491D89764D009BB6A6 /* LALAS3.app */,
				7FD1015F1D89764D009BB6A6 /* LALAS3Tests.xctest */,
				7FD1016A1D89764D009BB6A6 /* LALAS3UITests.xctest */,
			);
			name = Products;
			sourceTree = "<group>";
		};
		7FD1014B1D89764D009BB6A6 /* LALAS3 */ = {
			isa = PBXGroup;
			children = (
				7F9A5F5B1D89BFE800C2E133 /* Remarks */,
				7FD1014C1D89764D009BB6A6 /* AppDelegate.swift */,
				7FA6E9231D89ABCF003F6186 /* Functions.swift */,
				7FAECEED1D8A7399004592EA /* Server.plist */,
				7FA6E8EE1D899AA4003F6186 /* Main */,
				7FA6E8F71D89A544003F6186 /* First_1 */,
				7FA6E9191D89A8EA003F6186 /* Second_2 */,
				7FA6E91A1D89A8EE003F6186 /* Third_3 */,
				7FA6E9161D89A8BC003F6186 /* Fourth_4 */,
				7FAECEEA1D8A6AC4004592EA /* shit */,
				7FD101551D89764D009BB6A6 /* Assets.xcassets */,
				7FE5BF1C1D8E722800586166 /* L_ViewController.swift */,
				7FD101571D89764D009BB6A6 /* LaunchScreen.storyboard */,
				7FF0C8521D91127600B85248 /* LALAS3-Bridging-Header.h */,
				7FD1015A1D89764D009BB6A6 /* Info.plist */,
				7FF0C8531D91173F00B85248 /* R.xcdatamodeld */,
				7F3F21E71D92D5F400ACF590 /* CELLS */,
			);
			path = LALAS3;
			sourceTree = "<group>";
		};
		7FD101621D89764D009BB6A6 /* LALAS3Tests */ = {
			isa = PBXGroup;
			children = (
				7FD101631D89764D009BB6A6 /* LALAS3Tests.swift */,
				7FD101651D89764D009BB6A6 /* Info.plist */,
			);
			path = LALAS3Tests;
			sourceTree = "<group>";
		};
		7FD1016D1D89764D009BB6A6 /* LALAS3UITests */ = {
			isa = PBXGroup;
			children = (
				7FD1016E1D89764D009BB6A6 /* LALAS3UITests.swift */,
				7FD101701D89764D009BB6A6 /* Info.plist */,
			);
			path = LALAS3UITests;
			sourceTree = "<group>";
		};
		F807D885972D56BFFF9611D1 /* Frameworks */ = {
			isa = PBXGroup;
			children = (
				7FF0C8501D91114400B85248 /* libsqlite3.tbd */,
				BDF2BD7B0043FD07DE284F40 /* Pods_LALAS3.framework */,
			);
			name = Frameworks;
			sourceTree = "<group>";
		};
/* End PBXGroup section */

/* Begin PBXNativeTarget section */
		7FD101481D89764D009BB6A6 /* LALAS3 */ = {
			isa = PBXNativeTarget;
			buildConfigurationList = 7FD101731D89764D009BB6A6 /* Build configuration list for PBXNativeTarget "LALAS3" */;
			buildPhases = (
				D0AED5F34A7D7217445C3AB5 /* [CP] Check Pods Manifest.lock */,
				7FD101451D89764D009BB6A6 /* Sources */,
				7FD101461D89764D009BB6A6 /* Frameworks */,
				7FD101471D89764D009BB6A6 /* Resources */,
				71E7BC174F7A4CC62FF0EF56 /* [CP] Embed Pods Frameworks */,
				6346C22875C80C4F51413E7A /* [CP] Copy Pods Resources */,
			);
			buildRules = (
			);
			dependencies = (
			);
			name = LALAS3;
			productName = LALAS3;
			productReference = 7FD101491D89764D009BB6A6 /* LALAS3.app */;
			productType = "com.apple.product-type.application";
		};
		7FD1015E1D89764D009BB6A6 /* LALAS3Tests */ = {
			isa = PBXNativeTarget;
			buildConfigurationList = 7FD101761D89764D009BB6A6 /* Build configuration list for PBXNativeTarget "LALAS3Tests" */;
			buildPhases = (
				7FD1015B1D89764D009BB6A6 /* Sources */,
				7FD1015C1D89764D009BB6A6 /* Frameworks */,
				7FD1015D1D89764D009BB6A6 /* Resources */,
			);
			buildRules = (
			);
			dependencies = (
				7FD101611D89764D009BB6A6 /* PBXTargetDependency */,
			);
			name = LALAS3Tests;
			productName = LALAS3Tests;
			productReference = 7FD1015F1D89764D009BB6A6 /* LALAS3Tests.xctest */;
			productType = "com.apple.product-type.bundle.unit-test";
		};
		7FD101691D89764D009BB6A6 /* LALAS3UITests */ = {
			isa = PBXNativeTarget;
			buildConfigurationList = 7FD101791D89764D009BB6A6 /* Build configuration list for PBXNativeTarget "LALAS3UITests" */;
			buildPhases = (
				7FD101661D89764D009BB6A6 /* Sources */,
				7FD101671D89764D009BB6A6 /* Frameworks */,
				7FD101681D89764D009BB6A6 /* Resources */,
			);
			buildRules = (
			);
			dependencies = (
				7FD1016C1D89764D009BB6A6 /* PBXTargetDependency */,
			);
			name = LALAS3UITests;
			productName = LALAS3UITests;
			productReference = 7FD1016A1D89764D009BB6A6 /* LALAS3UITests.xctest */;
			productType = "com.apple.product-type.bundle.ui-testing";
		};
/* End PBXNativeTarget section */

/* Begin PBXProject section */
		7FD101411D89764C009BB6A6 /* Project object */ = {
			isa = PBXProject;
			attributes = {
				LastSwiftUpdateCheck = 0800;
				LastUpgradeCheck = 0800;
				ORGANIZATIONNAME = ThomasLiu;
				TargetAttributes = {
					7FD101481D89764D009BB6A6 = {
						CreatedOnToolsVersion = 8.0;
						DevelopmentTeam = 5898723MBJ;
						ProvisioningStyle = Automatic;
						SystemCapabilities = {
							com.apple.ApplePay = {
								enabled = 0;
							};
							com.apple.HealthKit = {
								enabled = 0;
							};
							com.apple.HomeKit = {
								enabled = 0;
							};
							com.apple.InAppPurchase = {
								enabled = 0;
							};
							com.apple.InterAppAudio = {
								enabled = 0;
							};
							com.apple.Keychain = {
								enabled = 0;
							};
							com.apple.Maps.iOS = {
								enabled = 0;
							};
							com.apple.Push = {
								enabled = 0;
							};
							com.apple.Siri = {
								enabled = 0;
							};
							com.apple.iCloud = {
								enabled = 0;
							};
						};
					};
					7FD1015E1D89764D009BB6A6 = {
						CreatedOnToolsVersion = 8.0;
						DevelopmentTeam = 5898723MBJ;
						ProvisioningStyle = Automatic;
						TestTargetID = 7FD101481D89764D009BB6A6;
					};
					7FD101691D89764D009BB6A6 = {
						CreatedOnToolsVersion = 8.0;
						DevelopmentTeam = 5898723MBJ;
						ProvisioningStyle = Automatic;
						TestTargetID = 7FD101481D89764D009BB6A6;
					};
				};
			};
			buildConfigurationList = 7FD101441D89764C009BB6A6 /* Build configuration list for PBXProject "LALAS3" */;
			compatibilityVersion = "Xcode 3.2";
			developmentRegion = English;
			hasScannedForEncodings = 0;
			knownRegions = (
				en,
				Base,
			);
			mainGroup = 7FD101401D89764C009BB6A6;
			productRefGroup = 7FD1014A1D89764D009BB6A6 /* Products */;
			projectDirPath = "";
			projectRoot = "";
			targets = (
				7FD101481D89764D009BB6A6 /* LALAS3 */,
				7FD1015E1D89764D009BB6A6 /* LALAS3Tests */,
				7FD101691D89764D009BB6A6 /* LALAS3UITests */,
			);
		};
/* End PBXProject section */

/* Begin PBXResourcesBuildPhase section */
		7FD101471D89764D009BB6A6 /* Resources */ = {
			isa = PBXResourcesBuildPhase;
			buildActionMask = 2147483647;
			files = (
				7FA6E91C1D89A906003F6186 /* Second.storyboard in Resources */,
				7FD101591D89764D009BB6A6 /* LaunchScreen.storyboard in Resources */,
				7FA6E9181D89A8E2003F6186 /* Fourth.storyboard in Resources */,
				7FA6E91E1D89A913003F6186 /* Third.storyboard in Resources */,
				7F9A5F5C1D89BFE800C2E133 /* Remarks in Resources */,
				7FD101561D89764D009BB6A6 /* Assets.xcassets in Resources */,
				7FFA9E561D97F148002380C0 /* Piker.xib in Resources */,
				7FFA9E5E1D9804A4002380C0 /* TViewController.xib in Resources */,
				7FAECEEE1D8A7399004592EA /* Server.plist in Resources */,
				7F3F21F41D93B4C100ACF590 /* Cells.xib in Resources */,
				7FD101541D89764D009BB6A6 /* Main.storyboard in Resources */,
				7FA6E8F91D89A586003F6186 /* First.storyboard in Resources */,
			);
			runOnlyForDeploymentPostprocessing = 0;
		};
		7FD1015D1D89764D009BB6A6 /* Resources */ = {
			isa = PBXResourcesBuildPhase;
			buildActionMask = 2147483647;
			files = (
			);
			runOnlyForDeploymentPostprocessing = 0;
		};
		7FD101681D89764D009BB6A6 /* Resources */ = {
			isa = PBXResourcesBuildPhase;
			buildActionMask = 2147483647;
			files = (
			);
			runOnlyForDeploymentPostprocessing = 0;
		};
/* End PBXResourcesBuildPhase section */

/* Begin PBXShellScriptBuildPhase section */
		6346C22875C80C4F51413E7A /* [CP] Copy Pods Resources */ = {
			isa = PBXShellScriptBuildPhase;
			buildActionMask = 2147483647;
			files = (
			);
			inputPaths = (
			);
			name = "[CP] Copy Pods Resources";
			outputPaths = (
			);
			runOnlyForDeploymentPostprocessing = 0;
			shellPath = /bin/sh;
			shellScript = "\"${SRCROOT}/Pods/Target Support Files/Pods-LALAS3/Pods-LALAS3-resources.sh\"\n";
			showEnvVarsInLog = 0;
		};
		71E7BC174F7A4CC62FF0EF56 /* [CP] Embed Pods Frameworks */ = {
			isa = PBXShellScriptBuildPhase;
			buildActionMask = 2147483647;
			files = (
			);
			inputPaths = (
			);
			name = "[CP] Embed Pods Frameworks";
			outputPaths = (
			);
			runOnlyForDeploymentPostprocessing = 0;
			shellPath = /bin/sh;
			shellScript = "\"${SRCROOT}/Pods/Target Support Files/Pods-LALAS3/Pods-LALAS3-frameworks.sh\"\n";
			showEnvVarsInLog = 0;
		};
		D0AED5F34A7D7217445C3AB5 /* [CP] Check Pods Manifest.lock */ = {
			isa = PBXShellScriptBuildPhase;
			buildActionMask = 2147483647;
			files = (
			);
			inputPaths = (
			);
			name = "[CP] Check Pods Manifest.lock";
			outputPaths = (
			);
			runOnlyForDeploymentPostprocessing = 0;
			shellPath = /bin/sh;
			shellScript = "diff \"${PODS_ROOT}/../Podfile.lock\" \"${PODS_ROOT}/Manifest.lock\" > /dev/null\nif [ $? != 0 ] ; then\n    # print error to STDERR\n    echo \"error: The sandbox is not in sync with the Podfile.lock. Run 'pod install' or update your CocoaPods installation.\" >&2\n    exit 1\nfi\n";
			showEnvVarsInLog = 0;
		};
/* End PBXShellScriptBuildPhase section */

/* Begin PBXSourcesBuildPhase section */
		7FD101451D89764D009BB6A6 /* Sources */ = {
			isa = PBXSourcesBuildPhase;
			buildActionMask = 2147483647;
			files = (
				7FA6E8F21D89A50F003F6186 /* SecondViewController.swift in Sources */,
				7FFA9E5D1D9804A4002380C0 /* TViewController.swift in Sources */,
				7FFA9E581D97F1BB002380C0 /* Picker_TableViewCell.swift in Sources */,
				7F3F21EE1D93ACCB00ACF590 /* ChatPeople_TableViewCell.swift in Sources */,
				7F3F21F81D93B5DC00ACF590 /* Advertisement_TableViewCell.swift in Sources */,
				7FE5BF2F1D8E75B000586166 /* OnePhoto_Z_TableViewCell.swift in Sources */,
				7FA6E90C1D89A71C003F6186 /* FourFiveSix_TableViewCell.swift in Sources */,
				7FE5BF411D8ED3DF00586166 /* AccountManagement_OneLabel_TableViewCell.swift in Sources */,
				7FE5BF3F1D8ED3C500586166 /* AccountManagement_TwoLabel_Big_TableViewCell.swift in Sources */,
				7F3F22021D93C02F00ACF590 /* ChatMe_TableViewCell.swift in Sources */,
				7FA6E9101D89A768003F6186 /* Words_TableViewCell.swift in Sources */,
				7FE5BF2D1D8E756A00586166 /* AboutUs_ViewController.swift in Sources */,
				7F2475741D917599003B40B4 /* ViewPhotoWithScroll_ViewController.swift in Sources */,
				7FE5BF291D8E753D00586166 /* HuanCun_ViewController.swift in Sources */,
				7FA6E9121D89A7EF003F6186 /* CommentsPraiseDemote_TableViewCell.swift in Sources */,
				7FF0C8551D91173F00B85248 /* R.xcdatamodeld in Sources */,
				7FFA9E541D9610B7002380C0 /* Pinglun_NTableViewCell.swift in Sources */,
				7FD1014D1D89764D009BB6A6 /* AppDelegate.swift in Sources */,
				7FA6E8FD1D89A5DF003F6186 /* SendNewMessiageViewController.swift in Sources */,
				7FE5BF391D8EBF0600586166 /* AccountSecurityCell_LableSwitch_TableViewCell.swift in Sources */,
				7FFA9E461D960587002380C0 /* OnePhoto_Z_NTableViewCell.swift in Sources */,
				7FFA9E4A1D9605B4002380C0 /* SixPhoto_TableViewCell.swift in Sources */,
				7FA6E8F41D89A526003F6186 /* ThirdViewController.swift in Sources */,
				7FFA9E5A1D97F1D9002380C0 /* DatePicker_TableViewCell.swift in Sources */,
				7FFA9E4E1D960953002380C0 /* News_Information_TableViewCell.swift in Sources */,
				7FE5BF231D8E74B400586166 /* AccountSecurity_TableViewController.swift in Sources */,
				7FE5BF331D8EBB0E00586166 /* Aboutus_M_TableViewCell.swift in Sources */,
				7FFA9E481D96059E002380C0 /* ThreePhoto_NTableViewCell.swift in Sources */,
				7FA6E90A1D89A6FE003F6186 /* TwoThreePhoto_TableViewCell.swift in Sources */,
				7FE5BF2B1D8E755600586166 /* FanKui_ViewController.swift in Sources */,
				7FE5BF371D8EBEF200586166 /* AccountSecurityCell_OneLabel_TableViewCell.swift in Sources */,
				7F5322B81D8BCA1700294C62 /* OnePhotoOneLable_CollectionViewCell.swift in Sources */,
				7FE5BF251D8E74FD00586166 /* Tongzhi_TableViewController.swift in Sources */,
				7FA6E9241D89ABCF003F6186 /* Functions.swift in Sources */,
				7FFA9E501D960A0F002380C0 /* CommentsPraiseDemote_NTableViewCell.swift in Sources */,
				7FA6E8F01D89A4FF003F6186 /* FirstViewController.swift in Sources */,
				7FA6E9201D89A994003F6186 /* Login_ViewController.swift in Sources */,
				7F5322BC1D8BCDEC00294C62 /* ADs_TableViewCell.swift in Sources */,
				7FE5BF3B1D8ED38700586166 /* AccountManagement_M_TableViewCell.swift in Sources */,
				7FFA9E441D960570002380C0 /* OnePhoto_H_NTableViewCell.swift in Sources */,
				7F3F22061D93E41C00ACF590 /* T_ViewController.swift in Sources */,
				7F0E0C871D9921C800A54353 /* AccountManagement_ViewController.swift in Sources */,
				7FFA9E521D960CE7002380C0 /* OnlyOneLabel_TableViewCell.swift in Sources */,
				7FA6E90E1D89A74D003F6186 /* SevenEightNinePhoto_TableViewCell.swift in Sources */,
				7FE5BF271D8E751000586166 /* TongYong_TableViewController.swift in Sources */,
				7FE5BF431D8EDFCD00586166 /* OnePhotoTwoLableTableViewCell.swift in Sources */,
				7FE5BF351D8EBEDA00586166 /* AccountSecurityCell_TwoLabel_TableViewCell.swift in Sources */,
				7FA6E9221D89A9BC003F6186 /* Register_ViewController.swift in Sources */,
				7FAECEF31D8ABB25004592EA /* Photo_Lable_TableViewCell.swift in Sources */,
				7FFA9E4C1D9605C1002380C0 /* NinePhoto_TableViewCell.swift in Sources */,
				7FE5BF3D1D8ED3AC00586166 /* AccountManagement_TwoLabel_TableViewCell.swift in Sources */,
				7FAECEF51D8ABB3F004592EA /* Lable_Center_TableViewCell.swift in Sources */,
				7F9A5F5A1D89B2C900C2E133 /* AD_TableViewCell.swift in Sources */,
				7FAECEF01D8ABAD9004592EA /* Setting_TableViewController.swift in Sources */,
				7FA6E8FB1D89A5B4003F6186 /* SaoYiSaoViewController.swift in Sources */,
				7F9A5F5E1D89C76500C2E133 /* OnePhoto_H_TableViewCell.swift in Sources */,
				7FE5BF1D1D8E722800586166 /* L_ViewController.swift in Sources */,
				7FA6E8F61D89A535003F6186 /* FourthViewController.swift in Sources */,
				7F3F21DA1D92B02200ACF590 /* MessiageDetail_TableViewController.swift in Sources */,
				7F5322BE1D8BCDFE00294C62 /* More_TableViewCell.swift in Sources */,
				7F3F22041D93C03D00ACF590 /* ChatYou_TableViewCell.swift in Sources */,
				7F5322BA1D8BCDD100294C62 /* OnePhotoTwoLabel_TableViewCell.swift in Sources */,
				7F5322B31D8BC9BC00294C62 /* SearchResults_ViewController.swift in Sources */,
			);
			runOnlyForDeploymentPostprocessing = 0;
		};
		7FD1015B1D89764D009BB6A6 /* Sources */ = {
			isa = PBXSourcesBuildPhase;
			buildActionMask = 2147483647;
			files = (
				7FD101641D89764D009BB6A6 /* LALAS3Tests.swift in Sources */,
			);
			runOnlyForDeploymentPostprocessing = 0;
		};
		7FD101661D89764D009BB6A6 /* Sources */ = {
			isa = PBXSourcesBuildPhase;
			buildActionMask = 2147483647;
			files = (
				7FD1016F1D89764D009BB6A6 /* LALAS3UITests.swift in Sources */,
			);
			runOnlyForDeploymentPostprocessing = 0;
		};
/* End PBXSourcesBuildPhase section */

/* Begin PBXTargetDependency section */
		7FD101611D89764D009BB6A6 /* PBXTargetDependency */ = {
			isa = PBXTargetDependency;
			target = 7FD101481D89764D009BB6A6 /* LALAS3 */;
			targetProxy = 7FD101601D89764D009BB6A6 /* PBXContainerItemProxy */;
		};
		7FD1016C1D89764D009BB6A6 /* PBXTargetDependency */ = {
			isa = PBXTargetDependency;
			target = 7FD101481D89764D009BB6A6 /* LALAS3 */;
			targetProxy = 7FD1016B1D89764D009BB6A6 /* PBXContainerItemProxy */;
		};
/* End PBXTargetDependency section */

/* Begin PBXVariantGroup section */
		7FD101521D89764D009BB6A6 /* Main.storyboard */ = {
			isa = PBXVariantGroup;
			children = (
				7FD101531D89764D009BB6A6 /* Base */,
			);
			name = Main.storyboard;
			sourceTree = "<group>";
		};
		7FD101571D89764D009BB6A6 /* LaunchScreen.storyboard */ = {
			isa = PBXVariantGroup;
			children = (
				7FD101581D89764D009BB6A6 /* Base */,
			);
			name = LaunchScreen.storyboard;
			sourceTree = "<group>";
		};
/* End PBXVariantGroup section */

/* Begin XCBuildConfiguration section */
		7FD101711D89764D009BB6A6 /* Debug */ = {
			isa = XCBuildConfiguration;
			buildSettings = {
				ALWAYS_SEARCH_USER_PATHS = NO;
				CLANG_ANALYZER_NONNULL = YES;
				CLANG_CXX_LANGUAGE_STANDARD = "gnu++0x";
				CLANG_CXX_LIBRARY = "libc++";
				CLANG_ENABLE_MODULES = YES;
				CLANG_ENABLE_OBJC_ARC = YES;
				CLANG_WARN_BOOL_CONVERSION = YES;
				CLANG_WARN_CONSTANT_CONVERSION = YES;
				CLANG_WARN_DIRECT_OBJC_ISA_USAGE = YES_ERROR;
				CLANG_WARN_DOCUMENTATION_COMMENTS = YES;
				CLANG_WARN_EMPTY_BODY = YES;
				CLANG_WARN_ENUM_CONVERSION = YES;
				CLANG_WARN_INFINITE_RECURSION = YES;
				CLANG_WARN_INT_CONVERSION = YES;
				CLANG_WARN_OBJC_ROOT_CLASS = YES_ERROR;
				CLANG_WARN_SUSPICIOUS_MOVE = YES;
				CLANG_WARN_SUSPICIOUS_MOVES = YES;
				CLANG_WARN_UNREACHABLE_CODE = YES;
				CLANG_WARN__DUPLICATE_METHOD_MATCH = YES;
				CODE_SIGN_IDENTITY = "iPhone Developer";
				"CODE_SIGN_IDENTITY[sdk=iphoneos*]" = "iPhone Developer";
				COPY_PHASE_STRIP = NO;
				DEBUG_INFORMATION_FORMAT = dwarf;
				DEVELOPMENT_TEAM = 5898723MBJ;
				ENABLE_STRICT_OBJC_MSGSEND = YES;
				ENABLE_TESTABILITY = YES;
				GCC_C_LANGUAGE_STANDARD = gnu99;
				GCC_DYNAMIC_NO_PIC = NO;
				GCC_NO_COMMON_BLOCKS = YES;
				GCC_OPTIMIZATION_LEVEL = 0;
				GCC_PREPROCESSOR_DEFINITIONS = (
					"DEBUG=1",
					"$(inherited)",
				);
				GCC_WARN_64_TO_32_BIT_CONVERSION = YES;
				GCC_WARN_ABOUT_RETURN_TYPE = YES_ERROR;
				GCC_WARN_UNDECLARED_SELECTOR = YES;
				GCC_WARN_UNINITIALIZED_AUTOS = YES_AGGRESSIVE;
				GCC_WARN_UNUSED_FUNCTION = YES;
				GCC_WARN_UNUSED_VARIABLE = YES;
				IPHONEOS_DEPLOYMENT_TARGET = 10.0;
				MTL_ENABLE_DEBUG_INFO = YES;
				ONLY_ACTIVE_ARCH = YES;
				SDKROOT = iphoneos;
				SWIFT_ACTIVE_COMPILATION_CONDITIONS = DEBUG;
				SWIFT_OPTIMIZATION_LEVEL = "-Onone";
			};
			name = Debug;
		};
		7FD101721D89764D009BB6A6 /* Release */ = {
			isa = XCBuildConfiguration;
			buildSettings = {
				ALWAYS_SEARCH_USER_PATHS = NO;
				CLANG_ANALYZER_NONNULL = YES;
				CLANG_CXX_LANGUAGE_STANDARD = "gnu++0x";
				CLANG_CXX_LIBRARY = "libc++";
				CLANG_ENABLE_MODULES = YES;
				CLANG_ENABLE_OBJC_ARC = YES;
				CLANG_WARN_BOOL_CONVERSION = YES;
				CLANG_WARN_CONSTANT_CONVERSION = YES;
				CLANG_WARN_DIRECT_OBJC_ISA_USAGE = YES_ERROR;
				CLANG_WARN_DOCUMENTATION_COMMENTS = YES;
				CLANG_WARN_EMPTY_BODY = YES;
				CLANG_WARN_ENUM_CONVERSION = YES;
				CLANG_WARN_INFINITE_RECURSION = YES;
				CLANG_WARN_INT_CONVERSION = YES;
				CLANG_WARN_OBJC_ROOT_CLASS = YES_ERROR;
				CLANG_WARN_SUSPICIOUS_MOVE = YES;
				CLANG_WARN_SUSPICIOUS_MOVES = YES;
				CLANG_WARN_UNREACHABLE_CODE = YES;
				CLANG_WARN__DUPLICATE_METHOD_MATCH = YES;
				CODE_SIGN_IDENTITY = "iPhone Developer";
				"CODE_SIGN_IDENTITY[sdk=iphoneos*]" = "iPhone Developer";
				COPY_PHASE_STRIP = NO;
				DEBUG_INFORMATION_FORMAT = "dwarf-with-dsym";
				DEVELOPMENT_TEAM = 5898723MBJ;
				ENABLE_NS_ASSERTIONS = NO;
				ENABLE_STRICT_OBJC_MSGSEND = YES;
				GCC_C_LANGUAGE_STANDARD = gnu99;
				GCC_NO_COMMON_BLOCKS = YES;
				GCC_WARN_64_TO_32_BIT_CONVERSION = YES;
				GCC_WARN_ABOUT_RETURN_TYPE = YES_ERROR;
				GCC_WARN_UNDECLARED_SELECTOR = YES;
				GCC_WARN_UNINITIALIZED_AUTOS = YES_AGGRESSIVE;
				GCC_WARN_UNUSED_FUNCTION = YES;
				GCC_WARN_UNUSED_VARIABLE = YES;
				IPHONEOS_DEPLOYMENT_TARGET = 10.0;
				MTL_ENABLE_DEBUG_INFO = NO;
				SDKROOT = iphoneos;
				SWIFT_OPTIMIZATION_LEVEL = "-Owholemodule";
				VALIDATE_PRODUCT = YES;
			};
			name = Release;
		};
		7FD101741D89764D009BB6A6 /* Debug */ = {
			isa = XCBuildConfiguration;
			baseConfigurationReference = 73C7DC9B3D33878FCF28F421 /* Pods-LALAS3.debug.xcconfig */;
			buildSettings = {
				ALWAYS_EMBED_SWIFT_STANDARD_LIBRARIES = YES;
				ASSETCATALOG_COMPILER_APPICON_NAME = AppIcon;
				CODE_SIGN_IDENTITY = "iPhone Developer";
				DEVELOPMENT_TEAM = 5898723MBJ;
				INFOPLIST_FILE = LALAS3/Info.plist;
				IPHONEOS_DEPLOYMENT_TARGET = 10.0;
				LD_RUNPATH_SEARCH_PATHS = "$(inherited) @executable_path/Frameworks";
				PRODUCT_BUNDLE_IDENTIFIER = com.ThomasLiu.jiacheng.link;
				PRODUCT_NAME = "$(TARGET_NAME)";
				SWIFT_OBJC_BRIDGING_HEADER = "LALAS3/LALAS3-Bridging-Header.h";
				SWIFT_VERSION = 3.0;
			};
			name = Debug;
		};
		7FD101751D89764D009BB6A6 /* Release */ = {
			isa = XCBuildConfiguration;
			baseConfigurationReference = 1EE9647F7DE5B2DCE0C3223C /* Pods-LALAS3.release.xcconfig */;
			buildSettings = {
				ALWAYS_EMBED_SWIFT_STANDARD_LIBRARIES = YES;
				ASSETCATALOG_COMPILER_APPICON_NAME = AppIcon;
				CODE_SIGN_IDENTITY = "iPhone Developer";
				DEVELOPMENT_TEAM = 5898723MBJ;
				INFOPLIST_FILE = LALAS3/Info.plist;
				IPHONEOS_DEPLOYMENT_TARGET = 10.0;
				LD_RUNPATH_SEARCH_PATHS = "$(inherited) @executable_path/Frameworks";
				PRODUCT_BUNDLE_IDENTIFIER = com.ThomasLiu.jiacheng.link;
				PRODUCT_NAME = "$(TARGET_NAME)";
				SWIFT_OBJC_BRIDGING_HEADER = "LALAS3/LALAS3-Bridging-Header.h";
				SWIFT_VERSION = 3.0;
			};
			name = Release;
		};
		7FD101771D89764D009BB6A6 /* Debug */ = {
			isa = XCBuildConfiguration;
			buildSettings = {
				ALWAYS_EMBED_SWIFT_STANDARD_LIBRARIES = YES;
				BUNDLE_LOADER = "$(TEST_HOST)";
				DEVELOPMENT_TEAM = 5898723MBJ;
				INFOPLIST_FILE = LALAS3Tests/Info.plist;
				LD_RUNPATH_SEARCH_PATHS = "$(inherited) @executable_path/Frameworks @loader_path/Frameworks";
				PRODUCT_BUNDLE_IDENTIFIER = com.ThomasLiu.jiacheng.LALAS3Tests;
				PRODUCT_NAME = "$(TARGET_NAME)";
				SWIFT_VERSION = 3.0;
				TEST_HOST = "$(BUILT_PRODUCTS_DIR)/LALAS3.app/LALAS3";
			};
			name = Debug;
		};
		7FD101781D89764D009BB6A6 /* Release */ = {
			isa = XCBuildConfiguration;
			buildSettings = {
				ALWAYS_EMBED_SWIFT_STANDARD_LIBRARIES = YES;
				BUNDLE_LOADER = "$(TEST_HOST)";
				DEVELOPMENT_TEAM = 5898723MBJ;
				INFOPLIST_FILE = LALAS3Tests/Info.plist;
				LD_RUNPATH_SEARCH_PATHS = "$(inherited) @executable_path/Frameworks @loader_path/Frameworks";
				PRODUCT_BUNDLE_IDENTIFIER = com.ThomasLiu.jiacheng.LALAS3Tests;
				PRODUCT_NAME = "$(TARGET_NAME)";
				SWIFT_VERSION = 3.0;
				TEST_HOST = "$(BUILT_PRODUCTS_DIR)/LALAS3.app/LALAS3";
			};
			name = Release;
		};
		7FD1017A1D89764D009BB6A6 /* Debug */ = {
			isa = XCBuildConfiguration;
			buildSettings = {
				ALWAYS_EMBED_SWIFT_STANDARD_LIBRARIES = YES;
				DEVELOPMENT_TEAM = 5898723MBJ;
				INFOPLIST_FILE = LALAS3UITests/Info.plist;
				LD_RUNPATH_SEARCH_PATHS = "$(inherited) @executable_path/Frameworks @loader_path/Frameworks";
				PRODUCT_BUNDLE_IDENTIFIER = com.ThomasLiu.jiacheng.LALAS3UITests;
				PRODUCT_NAME = "$(TARGET_NAME)";
				SWIFT_VERSION = 3.0;
				TEST_TARGET_NAME = LALAS3;
			};
			name = Debug;
		};
		7FD1017B1D89764D009BB6A6 /* Release */ = {
			isa = XCBuildConfiguration;
			buildSettings = {
				ALWAYS_EMBED_SWIFT_STANDARD_LIBRARIES = YES;
				DEVELOPMENT_TEAM = 5898723MBJ;
				INFOPLIST_FILE = LALAS3UITests/Info.plist;
				LD_RUNPATH_SEARCH_PATHS = "$(inherited) @executable_path/Frameworks @loader_path/Frameworks";
				PRODUCT_BUNDLE_IDENTIFIER = com.ThomasLiu.jiacheng.LALAS3UITests;
				PRODUCT_NAME = "$(TARGET_NAME)";
				SWIFT_VERSION = 3.0;
				TEST_TARGET_NAME = LALAS3;
			};
			name = Release;
		};
/* End XCBuildConfiguration section */

/* Begin XCConfigurationList section */
		7FD101441D89764C009BB6A6 /* Build configuration list for PBXProject "LALAS3" */ = {
			isa = XCConfigurationList;
			buildConfigurations = (
				7FD101711D89764D009BB6A6 /* Debug */,
				7FD101721D89764D009BB6A6 /* Release */,
			);
			defaultConfigurationIsVisible = 0;
			defaultConfigurationName = Release;
		};
		7FD101731D89764D009BB6A6 /* Build configuration list for PBXNativeTarget "LALAS3" */ = {
			isa = XCConfigurationList;
			buildConfigurations = (
				7FD101741D89764D009BB6A6 /* Debug */,
				7FD101751D89764D009BB6A6 /* Release */,
			);
			defaultConfigurationIsVisible = 0;
			defaultConfigurationName = Release;
		};
		7FD101761D89764D009BB6A6 /* Build configuration list for PBXNativeTarget "LALAS3Tests" */ = {
			isa = XCConfigurationList;
			buildConfigurations = (
				7FD101771D89764D009BB6A6 /* Debug */,
				7FD101781D89764D009BB6A6 /* Release */,
			);
			defaultConfigurationIsVisible = 0;
			defaultConfigurationName = Release;
		};
		7FD101791D89764D009BB6A6 /* Build configuration list for PBXNativeTarget "LALAS3UITests" */ = {
			isa = XCConfigurationList;
			buildConfigurations = (
				7FD1017A1D89764D009BB6A6 /* Debug */,
				7FD1017B1D89764D009BB6A6 /* Release */,
			);
			defaultConfigurationIsVisible = 0;
			defaultConfigurationName = Release;
		};
/* End XCConfigurationList section */

/* Begin XCVersionGroup section */
		7FF0C8531D91173F00B85248 /* R.xcdatamodeld */ = {
			isa = XCVersionGroup;
			children = (
				7FF0C8541D91173F00B85248 /* R.xcdatamodel */,
			);
			currentVersion = 7FF0C8541D91173F00B85248 /* R.xcdatamodel */;
			path = R.xcdatamodeld;
			sourceTree = "<group>";
			versionGroupType = wrapper.xcdatamodel;
		};
/* End XCVersionGroup section */
	};
	rootObject = 7FD101411D89764C009BB6A6 /* Project object */;
}
